
Microsoft Visual Studio Solution File, Format Version 12.00
# Visual Studio 2017
Project("{FAE04EC0-301F-11D3-BF4B-00C04F79EFBC}") = "Jigsaw.Plugins", "Jigsaw.Plugins.csproj", "{6769FA3B-A151-8B8E-73B3-468FDCFB68D7}"
EndProject
Project("{FAE04EC0-301F-11D3-BF4B-00C04F79EFBC}") = "Jigsaw", "Jigsaw.csproj", "{72B5F47F-8FA5-3DA5-B22D-6CD84603F6A6}"
EndProject
Project("{FAE04EC0-301F-11D3-BF4B-00C04F79EFBC}") = "Jigsaw.Editor", "Jigsaw.Editor.csproj", "{676E50C9-76D2-BCA3-066D-DC653A2B19CA}"
EndProject
Global
	GlobalSection(SolutionConfigurationPlatforms) = preSolution
		Debug|Any CPU = Debug|Any CPU
		Release|Any CPU = Release|Any CPU
	EndGlobalSection
	GlobalSection(ProjectConfigurationPlatforms) = postSolution
		{6769FA3B-A151-8B8E-73B3-468FDCFB68D7}.Debug|Any CPU.ActiveCfg = Debug|Any CPU
		{6769FA3B-A151-8B8E-73B3-468FDCFB68D7}.Debug|Any CPU.Build.0 = Debug|Any CPU
		{6769FA3B-A151-8B8E-73B3-468FDCFB68D7}.Release|Any CPU.ActiveCfg = Release|Any CPU
		{6769FA3B-A151-8B8E-73B3-468FDCFB68D7}.Release|Any CPU.Build.0 = Release|Any CPU
		{72B5F47F-8FA5-3DA5-B22D-6CD84603F6A6}.Debug|Any CPU.ActiveCfg = Debug|Any CPU
		{72B5F47F-8FA5-3DA5-B22D-6CD84603F6A6}.Debug|Any CPU.Build.0 = Debug|Any CPU
		{72B5F47F-8FA5-3DA5-B22D-6CD84603F6A6}.Release|Any CPU.ActiveCfg = Release|Any CPU
		{72B5F47F-8FA5-3DA5-B22D-6CD84603F6A6}.Release|Any CPU.Build.0 = Release|Any CPU
		{676E50C9-76D2-BCA3-066D-DC653A2B19CA}.Debug|Any CPU.ActiveCfg = Debug|Any CPU
		{676E50C9-76D2-BCA3-066D-DC653A2B19CA}.Debug|Any CPU.Build.0 = Debug|Any CPU
		{676E50C9-76D2-BCA3-066D-DC653A2B19CA}.Release|Any CPU.ActiveCfg = Release|Any CPU
		{676E50C9-76D2-BCA3-066D-DC653A2B19CA}.Release|Any CPU.Build.0 = Release|Any CPU
	EndGlobalSection
	GlobalSection(SolutionProperties) = preSolution
		HideSolutionNode = FALSE
	EndGlobalSection
EndGlobal
